
Microsoft Visual Studio Solution File, Format Version 12.00
# Visual Studio Version 17
VisualStudioVersion = 17.2.32526.322
MinimumVisualStudioVersion = 10.0.40219.1
Project("{FAE04EC0-301F-11D3-BF4B-00C04F79EFBC}") = "MVC", "MVC\MVC.csproj", "{11BABC4D-19C1-4027-810B-19D06B3A98E1}"
EndProject
Project("{FAE04EC0-301F-11D3-BF4B-00C04F79EFBC}") = "WebAPI", "WebAPI\WebAPI.csproj", "{CEF08EC1-9A84-4D6A-A16E-4A5210E85DD0}"
EndProject
Global
	GlobalSection(SolutionConfigurationPlatforms) = preSolution
		Debug|Any CPU = Debug|Any CPU
		Release|Any CPU = Release|Any CPU
	EndGlobalSection
	GlobalSection(ProjectConfigurationPlatforms) = postSolution
		{11BABC4D-19C1-4027-810B-19D06B3A98E1}.Debug|Any CPU.ActiveCfg = Debug|Any CPU
		{11BABC4D-19C1-4027-810B-19D06B3A98E1}.Debug|Any CPU.Build.0 = Debug|Any CPU
		{11BABC4D-19C1-4027-810B-19D06B3A98E1}.Release|Any CPU.ActiveCfg = Release|Any CPU
		{11BABC4D-19C1-4027-810B-19D06B3A98E1}.Release|Any CPU.Build.0 = Release|Any CPU
		{CEF08EC1-9A84-4D6A-A16E-4A5210E85DD0}.Debug|Any CPU.ActiveCfg = Debug|Any CPU
		{CEF08EC1-9A84-4D6A-A16E-4A5210E85DD0}.Debug|Any CPU.Build.0 = Debug|Any CPU
		{CEF08EC1-9A84-4D6A-A16E-4A5210E85DD0}.Release|Any CPU.ActiveCfg = Release|Any CPU
		{CEF08EC1-9A84-4D6A-A16E-4A5210E85DD0}.Release|Any CPU.Build.0 = Release|Any CPU
	EndGlobalSection
	GlobalSection(SolutionProperties) = preSolution
		HideSolutionNode = FALSE
	EndGlobalSection
	GlobalSection(ExtensibilityGlobals) = postSolution
		SolutionGuid = {AF4665F8-701A-42DF-8081-722C9ECDCAE0}
	EndGlobalSection
EndGlobal
